
Microsoft Visual Studio Solution File, Format Version 12.00
# Visual Studio Version 17
VisualStudioVersion = 17.7.34024.191
MinimumVisualStudioVersion = 10.0.40219.1
Project("{FAE04EC0-301F-11D3-BF4B-00C04F79EFBC}") = "HWnumber9_Lab", "HWnumber9\HWnumber9_Lab.csproj", "{C01F8E2B-E58F-41D5-A05C-D4FA9E73B930}"
EndProject
Project("{FAE04EC0-301F-11D3-BF4B-00C04F79EFBC}") = "HWnumber9_DZ", "HWnumber9_DZ\HWnumber9_DZ.csproj", "{08C2744E-1538-4B0B-B944-064C4C85F0ED}"
EndProject
Global
	GlobalSection(SolutionConfigurationPlatforms) = preSolution
		Debug|Any CPU = Debug|Any CPU
		Release|Any CPU = Release|Any CPU
	EndGlobalSection
	GlobalSection(ProjectConfigurationPlatforms) = postSolution
		{C01F8E2B-E58F-41D5-A05C-D4FA9E73B930}.Debug|Any CPU.ActiveCfg = Debug|Any CPU
		{C01F8E2B-E58F-41D5-A05C-D4FA9E73B930}.Debug|Any CPU.Build.0 = Debug|Any CPU
		{C01F8E2B-E58F-41D5-A05C-D4FA9E73B930}.Release|Any CPU.ActiveCfg = Release|Any CPU
		{C01F8E2B-E58F-41D5-A05C-D4FA9E73B930}.Release|Any CPU.Build.0 = Release|Any CPU
		{08C2744E-1538-4B0B-B944-064C4C85F0ED}.Debug|Any CPU.ActiveCfg = Debug|Any CPU
		{08C2744E-1538-4B0B-B944-064C4C85F0ED}.Debug|Any CPU.Build.0 = Debug|Any CPU
		{08C2744E-1538-4B0B-B944-064C4C85F0ED}.Release|Any CPU.ActiveCfg = Release|Any CPU
		{08C2744E-1538-4B0B-B944-064C4C85F0ED}.Release|Any CPU.Build.0 = Release|Any CPU
	EndGlobalSection
	GlobalSection(SolutionProperties) = preSolution
		HideSolutionNode = FALSE
	EndGlobalSection
	GlobalSection(ExtensibilityGlobals) = postSolution
		SolutionGuid = {21CEEDD5-9AD8-4875-AA5A-17DD74EAFD39}
	EndGlobalSection
EndGlobal
